
Microsoft Visual Studio Solution File, Format Version 12.00
Project("{FAE04EC0-301F-11D3-BF4B-00C04F79EFBC}") = "RpgBackend.Core", "RpgBackend.Core\RpgBackend.Core.csproj", "{2AE9299D-2213-4667-8542-DF5DCC42BEBC}"
EndProject
Project("{2150E333-8FDC-42A3-9474-1A3956D46DE8}") = "API", "API", "{5B08EDA4-28E2-43E8-A127-49B127C75ECD}"
EndProject
Project("{FAE04EC0-301F-11D3-BF4B-00C04F79EFBC}") = "RpgBackend.Api.Login", "RpgBackend.Api.Login\RpgBackend.Api.Login.csproj", "{BBD99901-9E0C-436E-B563-40F74480DE17}"
EndProject
Project("{FAE04EC0-301F-11D3-BF4B-00C04F79EFBC}") = "RpgBackend.Api.User", "RpgBackend.Api.User\RpgBackend.Api.User.csproj", "{99549CC6-21D6-4300-B304-BF2E7D14F5DE}"
EndProject
Project("{FAE04EC0-301F-11D3-BF4B-00C04F79EFBC}") = "RpgBackend.Api.CharacterSheet", "RpgBackend.Api.CharacterSheet\RpgBackend.Api.CharacterSheet.csproj", "{46968323-D1E8-47C3-B874-0EF21405A7B8}"
EndProject
Project("{2150E333-8FDC-42A3-9474-1A3956D46DE8}") = "DB", "DB", "{E954FAC8-BDD6-4E92-8D67-C10F8983118A}"
EndProject
Project("{FAE04EC0-301F-11D3-BF4B-00C04F79EFBC}") = "RpgBackend.Db.DbContext", "RpgBackend.Db.DbContext\RpgBackend.Db.DbContext.csproj", "{B7F3D578-C23E-4179-9E6F-90C01B475FFE}"
EndProject
Project("{FAE04EC0-301F-11D3-BF4B-00C04F79EFBC}") = "RpgBackend.Db.Migrations", "RpgBackend.Db.Migrations\RpgBackend.Db.Migrations.csproj", "{A3995CB9-E5D6-4D4A-95C2-E07D2188402A}"
EndProject
Project("{2150E333-8FDC-42A3-9474-1A3956D46DE8}") = "UnitTests", "UnitTests", "{F0B9C259-9E4F-49D2-8C62-C9F39BE3722C}"
EndProject
Project("{FAE04EC0-301F-11D3-BF4B-00C04F79EFBC}") = "RpgBackend.Unit.Core", "RpgBackend.Unit.Core\RpgBackend.Unit.Core.csproj", "{3519BB44-2583-4CEB-8F77-9FD3779874A8}"
EndProject
Project("{2150E333-8FDC-42A3-9474-1A3956D46DE8}") = "IntegrationTests", "IntegrationTests", "{E80EAADB-C7A5-4A80-9D2F-A6C030C6ABE6}"
EndProject
Project("{FAE04EC0-301F-11D3-BF4B-00C04F79EFBC}") = "RpgBackend.Integration.Core", "RpgBackend.Integration.Core\RpgBackend.Integration.Core.csproj", "{3A7B7980-8543-463E-90A6-BF5A777F5F7F}"
EndProject
Global
	GlobalSection(SolutionConfigurationPlatforms) = preSolution
		Debug|Any CPU = Debug|Any CPU
		Release|Any CPU = Release|Any CPU
	EndGlobalSection
	GlobalSection(ProjectConfigurationPlatforms) = postSolution
		{2AE9299D-2213-4667-8542-DF5DCC42BEBC}.Debug|Any CPU.ActiveCfg = Debug|Any CPU
		{2AE9299D-2213-4667-8542-DF5DCC42BEBC}.Debug|Any CPU.Build.0 = Debug|Any CPU
		{2AE9299D-2213-4667-8542-DF5DCC42BEBC}.Release|Any CPU.ActiveCfg = Release|Any CPU
		{2AE9299D-2213-4667-8542-DF5DCC42BEBC}.Release|Any CPU.Build.0 = Release|Any CPU
		{BBD99901-9E0C-436E-B563-40F74480DE17}.Debug|Any CPU.ActiveCfg = Debug|Any CPU
		{BBD99901-9E0C-436E-B563-40F74480DE17}.Debug|Any CPU.Build.0 = Debug|Any CPU
		{BBD99901-9E0C-436E-B563-40F74480DE17}.Release|Any CPU.ActiveCfg = Release|Any CPU
		{BBD99901-9E0C-436E-B563-40F74480DE17}.Release|Any CPU.Build.0 = Release|Any CPU
		{99549CC6-21D6-4300-B304-BF2E7D14F5DE}.Debug|Any CPU.ActiveCfg = Debug|Any CPU
		{99549CC6-21D6-4300-B304-BF2E7D14F5DE}.Debug|Any CPU.Build.0 = Debug|Any CPU
		{99549CC6-21D6-4300-B304-BF2E7D14F5DE}.Release|Any CPU.ActiveCfg = Release|Any CPU
		{99549CC6-21D6-4300-B304-BF2E7D14F5DE}.Release|Any CPU.Build.0 = Release|Any CPU
		{46968323-D1E8-47C3-B874-0EF21405A7B8}.Debug|Any CPU.ActiveCfg = Debug|Any CPU
		{46968323-D1E8-47C3-B874-0EF21405A7B8}.Debug|Any CPU.Build.0 = Debug|Any CPU
		{46968323-D1E8-47C3-B874-0EF21405A7B8}.Release|Any CPU.ActiveCfg = Release|Any CPU
		{46968323-D1E8-47C3-B874-0EF21405A7B8}.Release|Any CPU.Build.0 = Release|Any CPU
		{B7F3D578-C23E-4179-9E6F-90C01B475FFE}.Debug|Any CPU.ActiveCfg = Debug|Any CPU
		{B7F3D578-C23E-4179-9E6F-90C01B475FFE}.Debug|Any CPU.Build.0 = Debug|Any CPU
		{B7F3D578-C23E-4179-9E6F-90C01B475FFE}.Release|Any CPU.ActiveCfg = Release|Any CPU
		{B7F3D578-C23E-4179-9E6F-90C01B475FFE}.Release|Any CPU.Build.0 = Release|Any CPU
		{A3995CB9-E5D6-4D4A-95C2-E07D2188402A}.Debug|Any CPU.ActiveCfg = Debug|Any CPU
		{A3995CB9-E5D6-4D4A-95C2-E07D2188402A}.Debug|Any CPU.Build.0 = Debug|Any CPU
		{A3995CB9-E5D6-4D4A-95C2-E07D2188402A}.Release|Any CPU.ActiveCfg = Release|Any CPU
		{A3995CB9-E5D6-4D4A-95C2-E07D2188402A}.Release|Any CPU.Build.0 = Release|Any CPU
		{3519BB44-2583-4CEB-8F77-9FD3779874A8}.Debug|Any CPU.ActiveCfg = Debug|Any CPU
		{3519BB44-2583-4CEB-8F77-9FD3779874A8}.Debug|Any CPU.Build.0 = Debug|Any CPU
		{3519BB44-2583-4CEB-8F77-9FD3779874A8}.Release|Any CPU.ActiveCfg = Release|Any CPU
		{3519BB44-2583-4CEB-8F77-9FD3779874A8}.Release|Any CPU.Build.0 = Release|Any CPU
		{3A7B7980-8543-463E-90A6-BF5A777F5F7F}.Debug|Any CPU.ActiveCfg = Debug|Any CPU
		{3A7B7980-8543-463E-90A6-BF5A777F5F7F}.Debug|Any CPU.Build.0 = Debug|Any CPU
		{3A7B7980-8543-463E-90A6-BF5A777F5F7F}.Release|Any CPU.ActiveCfg = Release|Any CPU
		{3A7B7980-8543-463E-90A6-BF5A777F5F7F}.Release|Any CPU.Build.0 = Release|Any CPU
	EndGlobalSection
	GlobalSection(NestedProjects) = preSolution
		{BBD99901-9E0C-436E-B563-40F74480DE17} = {5B08EDA4-28E2-43E8-A127-49B127C75ECD}
		{99549CC6-21D6-4300-B304-BF2E7D14F5DE} = {5B08EDA4-28E2-43E8-A127-49B127C75ECD}
		{46968323-D1E8-47C3-B874-0EF21405A7B8} = {5B08EDA4-28E2-43E8-A127-49B127C75ECD}
		{B7F3D578-C23E-4179-9E6F-90C01B475FFE} = {E954FAC8-BDD6-4E92-8D67-C10F8983118A}
		{A3995CB9-E5D6-4D4A-95C2-E07D2188402A} = {E954FAC8-BDD6-4E92-8D67-C10F8983118A}
		{3519BB44-2583-4CEB-8F77-9FD3779874A8} = {F0B9C259-9E4F-49D2-8C62-C9F39BE3722C}
		{3A7B7980-8543-463E-90A6-BF5A777F5F7F} = {E80EAADB-C7A5-4A80-9D2F-A6C030C6ABE6}
	EndGlobalSection
EndGlobal
